{
  "name": "react-multilevel-menu-aim",
  "version": "1.0.0",
  "lockfileVersion": 1,
  "requires": true,
  "dependencies": {
    "@babel/runtime": {
      "version": "7.16.7",
      "resolved": "https://registry.npmmirror.com/@babel/runtime/download/@babel/runtime-7.16.7.tgz",
      "integrity": "sha512-9E9FJowqAsytyOY6LG+1KuueckRL+aQW+mKvXRXnuFGyRAyepJPmEo9vgMfXUA6O9u3IeEdv9MAkppFcaQwogQ==",
      "requires": {
        "regenerator-runtime": "^0.13.4"
      }
    },
    "@types/js-cookie": {
      "version": "2.2.7",
      "resolved": "https://registry.npmmirror.com/@types/js-cookie/download/@types/js-cookie-2.2.7.tgz",
      "integrity": "sha1-ImqeMWgINaYYjoh/OYjmDATT9qM="
    },
    "@types/prop-types": {
      "version": "15.7.4",
      "resolved": "https://registry.npmmirror.com/@types/prop-types/download/@types/prop-types-15.7.4.tgz?cache=0&sync_timestamp=1637270164807&other_urls=https%3A%2F%2Fregistry.npmmirror.com%2F%40types%2Fprop-types%2Fdownload%2F%40types%2Fprop-types-15.7.4.tgz",
      "integrity": "sha1-/PcgXCXf95Xuea8eMNosl5CAjxE=",
      "dev": true
    },
    "@types/react": {
      "version": "17.0.38",
      "resolved": "https://registry.npmmirror.com/@types/react/download/@types/react-17.0.38.tgz",
      "integrity": "sha512-SI92X1IA+FMnP3qM5m4QReluXzhcmovhZnLNm3pyeQlooi02qI7sLiepEYqT678uNiyc25XfCqxREFpy3W7YhQ==",
      "dev": true,
      "requires": {
        "@types/prop-types": "*",
        "@types/scheduler": "*",
        "csstype": "^3.0.2"
      }
    },
    "@types/scheduler": {
      "version": "0.16.2",
      "resolved": "https://registry.npmmirror.com/@types/scheduler/download/@types/scheduler-0.16.2.tgz?cache=0&sync_timestamp=1637270322974&other_urls=https%3A%2F%2Fregistry.npmmirror.com%2F%40types%2Fscheduler%2Fdownload%2F%40types%2Fscheduler-0.16.2.tgz",
      "integrity": "sha1-GmL4lSVyPd4kuhsBsJK/XfitTTk=",
      "dev": true
    },
    "@xobotyi/scrollbar-width": {
      "version": "1.9.5",
      "resolved": "https://registry.nlark.com/@xobotyi/scrollbar-width/download/@xobotyi/scrollbar-width-1.9.5.tgz",
      "integrity": "sha1-gCJKaRknL0Bbh5E8oTuSkpvfPE0="
    },
    "copy-to-clipboard": {
      "version": "3.3.1",
      "resolved": "https://registry.nlark.com/copy-to-clipboard/download/copy-to-clipboard-3.3.1.tgz",
      "integrity": "sha1-EVqhqZmP+rYZb5MHatbaO5E2Yq4=",
      "requires": {
        "toggle-selection": "^1.0.6"
      }
    },
    "css-in-js-utils": {
      "version": "2.0.1",
      "resolved": "https://registry.npm.taobao.org/css-in-js-utils/download/css-in-js-utils-2.0.1.tgz",
      "integrity": "sha1-O0crOYeHKRtHz+PkT+z92ekUupk=",
      "requires": {
        "hyphenate-style-name": "^1.0.2",
        "isobject": "^3.0.1"
      }
    },
    "css-tree": {
      "version": "1.1.3",
      "resolved": "https://registry.npmmirror.com/css-tree/download/css-tree-1.1.3.tgz",
      "integrity": "sha1-60hw+2/XcHMn7JXC/yqwm16NuR0=",
      "requires": {
        "mdn-data": "2.0.14",
        "source-map": "^0.6.1"
      }
    },
    "csstype": {
      "version": "3.0.10",
      "resolved": "https://registry.npmmirror.com/csstype/download/csstype-3.0.10.tgz",
      "integrity": "sha512-2u44ZG2OcNUO9HDp/Jl8C07x6pU/eTR3ncV91SiK3dhG9TWvRVsCoJw14Ckx5DgWkzGA3waZWO3d7pgqpUI/XA=="
    },
    "error-stack-parser": {
      "version": "2.0.6",
      "resolved": "https://registry.npm.taobao.org/error-stack-parser/download/error-stack-parser-2.0.6.tgz",
      "integrity": "sha1-WpmnB716TFinl5AtSNgoA+3mqtg=",
      "requires": {
        "stackframe": "^1.1.1"
      }
    },
    "fast-deep-equal": {
      "version": "3.1.3",
      "resolved": "https://registry.npm.taobao.org/fast-deep-equal/download/fast-deep-equal-3.1.3.tgz",
      "integrity": "sha1-On1WtVnWy8PrUSMlJE5hmmXGxSU="
    },
    "fast-shallow-equal": {
      "version": "1.0.0",
      "resolved": "https://registry.nlark.com/fast-shallow-equal/download/fast-shallow-equal-1.0.0.tgz",
      "integrity": "sha1-1NyvZHJEDc76b4i5jjJR4n8lYos="
    },
    "fastest-stable-stringify": {
      "version": "2.0.2",
      "resolved": "https://registry.npm.taobao.org/fastest-stable-stringify/download/fastest-stable-stringify-2.0.2.tgz",
      "integrity": "sha1-N1emd09uyN5AxOhuwo6gJBchTHY="
    },
    "hyphenate-style-name": {
      "version": "1.0.4",
      "resolved": "https://registry.npm.taobao.org/hyphenate-style-name/download/hyphenate-style-name-1.0.4.tgz",
      "integrity": "sha1-aRh5r44iCupXUOiCfbTvYqVONh0="
    },
    "inline-style-prefixer": {
      "version": "6.0.1",
      "resolved": "https://registry.npmmirror.com/inline-style-prefixer/download/inline-style-prefixer-6.0.1.tgz",
      "integrity": "sha1-xcDkO6iDFwevxfW7/Zft9Fwfp64=",
      "requires": {
        "css-in-js-utils": "^2.0.0"
      }
    },
    "isobject": {
      "version": "3.0.1",
      "resolved": "https://registry.npmmirror.com/isobject/download/isobject-3.0.1.tgz",
      "integrity": "sha512-WhB9zCku7EGTj/HQQRz5aUQEUeoQZH2bWcltRErOpymJ4boYE6wL9Tbr23krRPSZ+C5zqNSrSw+Cc7sZZ4b7vg=="
    },
    "js-cookie": {
      "version": "2.2.1",
      "resolved": "https://registry.npmmirror.com/js-cookie/download/js-cookie-2.2.1.tgz",
      "integrity": "sha512-HvdH2LzI/EAZcUwA8+0nKNtWHqS+ZmijLA30RwZA0bo7ToCckjK5MkGhjED9KoRcXO6BaGI3I9UIzSA1FKFPOQ=="
    },
    "mdn-data": {
      "version": "2.0.14",
      "resolved": "https://registry.npmmirror.com/mdn-data/download/mdn-data-2.0.14.tgz",
      "integrity": "sha1-cRP8QoGRfWPOKbQ0RvcB5owlulA="
    },
    "nano-css": {
      "version": "5.3.4",
      "resolved": "https://registry.nlark.com/nano-css/download/nano-css-5.3.4.tgz",
      "integrity": "sha1-QK9qg6dvhCBPNG6MyqkWnNrpFns=",
      "requires": {
        "css-tree": "^1.1.2",
        "csstype": "^3.0.6",
        "fastest-stable-stringify": "^2.0.2",
        "inline-style-prefixer": "^6.0.0",
        "rtl-css-js": "^1.14.0",
        "sourcemap-codec": "^1.4.8",
        "stacktrace-js": "^2.0.2",
        "stylis": "^4.0.6"
      }
    },
    "react-universal-interface": {
      "version": "0.6.2",
      "resolved": "https://registry.npm.taobao.org/react-universal-interface/download/react-universal-interface-0.6.2.tgz",
      "integrity": "sha1-Xo1DigFymk27y+7OsLhr4Ub+Kzs="
    },
    "react-use": {
      "version": "17.3.2",
      "resolved": "https://registry.npmmirror.com/react-use/download/react-use-17.3.2.tgz",
      "integrity": "sha512-bj7OD0/1wL03KyWmzFXAFe425zziuTf7q8olwCYBfOeFHY1qfO1FAMjROQLsLZYwG4Rx63xAfb7XAbBrJsZmEw==",
      "requires": {
        "@types/js-cookie": "^2.2.6",
        "@xobotyi/scrollbar-width": "^1.9.5",
        "copy-to-clipboard": "^3.3.1",
        "fast-deep-equal": "^3.1.3",
        "fast-shallow-equal": "^1.0.0",
        "js-cookie": "^2.2.1",
        "nano-css": "^5.3.1",
        "react-universal-interface": "^0.6.2",
        "resize-observer-polyfill": "^1.5.1",
        "screenfull": "^5.1.0",
        "set-harmonic-interval": "^1.0.1",
        "throttle-debounce": "^3.0.1",
        "ts-easing": "^0.2.0",
        "tslib": "^2.1.0"
      }
    },
    "regenerator-runtime": {
      "version": "0.13.9",
      "resolved": "https://registry.npmmirror.com/regenerator-runtime/download/regenerator-runtime-0.13.9.tgz",
      "integrity": "sha512-p3VT+cOEgxFsRRA9X4lkI1E+k2/CtnKtU4gcxyaCUreilL/vqI6CdZ3wxVUx3UOUg+gnUOQQcRI7BmSI656MYA=="
    },
    "resize-observer-polyfill": {
      "version": "1.5.1",
      "resolved": "https://registry.nlark.com/resize-observer-polyfill/download/resize-observer-polyfill-1.5.1.tgz",
      "integrity": "sha1-DpAg3T0hAkRY1OvSfiPkAmmBBGQ="
    },
    "rtl-css-js": {
      "version": "1.15.0",
      "resolved": "https://registry.npmmirror.com/rtl-css-js/download/rtl-css-js-1.15.0.tgz",
      "integrity": "sha512-99Cu4wNNIhrI10xxUaABHsdDqzalrSRTie4GeCmbGVuehm4oj+fIy8fTzB+16pmKe8Bv9rl+hxIBez6KxExTew==",
      "requires": {
        "@babel/runtime": "^7.1.2"
      }
    },
    "screenfull": {
      "version": "5.2.0",
      "resolved": "https://registry.npmmirror.com/screenfull/download/screenfull-5.2.0.tgz",
      "integrity": "sha512-9BakfsO2aUQN2K9Fdbj87RJIEZ82Q9IGim7FqM5OsebfoFC6ZHXgDq/KvniuLTPdeM8wY2o6Dj3WQ7KeQCj3cA=="
    },
    "set-harmonic-interval": {
      "version": "1.0.1",
      "resolved": "https://registry.nlark.com/set-harmonic-interval/download/set-harmonic-interval-1.0.1.tgz",
      "integrity": "sha1-4Xc3BVOc37gM4cPZnn8pi7OZUkk="
    },
    "source-map": {
      "version": "0.6.1",
      "resolved": "https://registry.nlark.com/source-map/download/source-map-0.6.1.tgz",
      "integrity": "sha1-dHIq8y6WFOnCh6jQu95IteLxomM="
    },
    "sourcemap-codec": {
      "version": "1.4.8",
      "resolved": "https://registry.nlark.com/sourcemap-codec/download/sourcemap-codec-1.4.8.tgz",
      "integrity": "sha1-6oBL2UhXQC5pktBaOO8a41qatMQ="
    },
    "stack-generator": {
      "version": "2.0.5",
      "resolved": "https://registry.npm.taobao.org/stack-generator/download/stack-generator-2.0.5.tgz",
      "integrity": "sha1-+wDltO6X3mA+B3PqeM6UTYFZbDY=",
      "requires": {
        "stackframe": "^1.1.1"
      }
    },
    "stackframe": {
      "version": "1.2.0",
      "resolved": "https://registry.npm.taobao.org/stackframe/download/stackframe-1.2.0.tgz",
      "integrity": "sha1-UkKUktY8YuuYmATBFVLj0i53kwM="
    },
    "stacktrace-gps": {
      "version": "3.0.4",
      "resolved": "https://registry.npm.taobao.org/stacktrace-gps/download/stacktrace-gps-3.0.4.tgz",
      "integrity": "sha1-dojcL8Cf+zoTFl6+DbyvQbzwxpo=",
      "requires": {
        "source-map": "0.5.6",
        "stackframe": "^1.1.1"
      },
      "dependencies": {
        "source-map": {
          "version": "0.5.6",
          "resolved": "https://registry.nlark.com/source-map/download/source-map-0.5.6.tgz",
          "integrity": "sha1-dc449SvwczxafwwRjYEzSiu19BI="
        }
      }
    },
    "stacktrace-js": {
      "version": "2.0.2",
      "resolved": "https://registry.npm.taobao.org/stacktrace-js/download/stacktrace-js-2.0.2.tgz",
      "integrity": "sha1-TKk+qfSUdS1VcJoIHUAP2uvuiXs=",
      "requires": {
        "error-stack-parser": "^2.0.6",
        "stack-generator": "^2.0.5",
        "stacktrace-gps": "^3.0.4"
      }
    },
    "stylis": {
      "version": "4.0.13",
      "resolved": "https://registry.npmmirror.com/stylis/download/stylis-4.0.13.tgz",
      "integrity": "sha512-xGPXiFVl4YED9Jh7Euv2V220mriG9u4B2TA6Ybjc1catrstKD2PpIdU3U0RKpkVBC2EhmL/F0sPCr9vrFTNRag=="
    },
    "throttle-debounce": {
      "version": "3.0.1",
      "resolved": "https://registry.npm.taobao.org/throttle-debounce/download/throttle-debounce-3.0.1.tgz?cache=0&sync_timestamp=1604313832516&other_urls=https%3A%2F%2Fregistry.npm.taobao.org%2Fthrottle-debounce%2Fdownload%2Fthrottle-debounce-3.0.1.tgz",
      "integrity": "sha1-MvlNhN+olPeGyaHykOemRbahmrs="
    },
    "toggle-selection": {
      "version": "1.0.6",
      "resolved": "https://registry.nlark.com/toggle-selection/download/toggle-selection-1.0.6.tgz",
      "integrity": "sha1-bkWxJj8gF/oKzH2J14sVuL932jI="
    },
    "ts-easing": {
      "version": "0.2.0",
      "resolved": "https://registry.npm.taobao.org/ts-easing/download/ts-easing-0.2.0.tgz",
      "integrity": "sha1-yKijUCUQVWZYjYfb2gXdf7+lpOw="
    },
    "tslib": {
      "version": "2.3.1",
      "resolved": "https://registry.npmmirror.com/tslib/download/tslib-2.3.1.tgz",
      "integrity": "sha512-77EbyPPpMz+FRFRuAFlWMtmgUWGe9UOG2Z25NqCwiIjRhOf5iKGuzSe5P2w1laq+FkRy4p+PCuVkJSGkzTEKVw=="
    },
    "typescript": {
      "version": "4.5.4",
      "resolved": "https://registry.npmmirror.com/typescript/download/typescript-4.5.4.tgz",
      "integrity": "sha512-VgYs2A2QIRuGphtzFV7aQJduJ2gyfTljngLzjpfW9FoYZF6xuw1W0vW9ghCKLfcWrCFxK81CSGRAvS1pn4fIUg==",
      "dev": true
    }
  }
}
